
Microsoft Visual Studio Solution File, Format Version 12.00
# Visual Studio Version 17
VisualStudioVersion = 17.6.33829.357
MinimumVisualStudioVersion = 10.0.40219.1
Project("{FAE04EC0-301F-11D3-BF4B-00C04F79EFBC}") = "LLDTestGround_C#", "LLDTestGround_C#\LLDTestGround_C#.csproj", "{03C289FB-1BDC-42E3-AF87-12BB234E4CFB}"
EndProject
Global
	GlobalSection(SolutionConfigurationPlatforms) = preSolution
		Debug|Any CPU = Debug|Any CPU
		Release|Any CPU = Release|Any CPU
	EndGlobalSection
	GlobalSection(ProjectConfigurationPlatforms) = postSolution
		{03C289FB-1BDC-42E3-AF87-12BB234E4CFB}.Debug|Any CPU.ActiveCfg = Debug|Any CPU
		{03C289FB-1BDC-42E3-AF87-12BB234E4CFB}.Debug|Any CPU.Build.0 = Debug|Any CPU
		{03C289FB-1BDC-42E3-AF87-12BB234E4CFB}.Release|Any CPU.ActiveCfg = Release|Any CPU
		{03C289FB-1BDC-42E3-AF87-12BB234E4CFB}.Release|Any CPU.Build.0 = Release|Any CPU
	EndGlobalSection
	GlobalSection(SolutionProperties) = preSolution
		HideSolutionNode = FALSE
	EndGlobalSection
	GlobalSection(ExtensibilityGlobals) = postSolution
		SolutionGuid = {435C979B-E312-44EB-AE28-C72D3FD0DA7B}
	EndGlobalSection
EndGlobal
